
Microsoft Visual Studio Solution File, Format Version 12.00
# Visual Studio 15
VisualStudioVersion = 15.0.28307.1000
MinimumVisualStudioVersion = 10.0.40219.1
Project("{9A19103F-16F7-4668-BE54-9A1E7A4F7556}") = "Plexdata.FileChecksum.Analyzer", "Plexdata.FileChecksum.Analyzer\Plexdata.FileChecksum.Analyzer.csproj", "{E0838D0E-3710-489A-8501-0F939AC62735}"
EndProject
Project("{FAE04EC0-301F-11D3-BF4B-00C04F79EFBC}") = "Plexdata.FileChecksum.Analyzer.Tests", "Plexdata.FileChecksum.Analyzer.Tests\Plexdata.FileChecksum.Analyzer.Tests.csproj", "{92B06FCA-ED88-49C0-B4BB-7A5EE13B0550}"
EndProject
Project("{9A19103F-16F7-4668-BE54-9A1E7A4F7556}") = "Plexdata.FileChecksum.Cli", "Plexdata.FileChecksum.Cli\Plexdata.FileChecksum.Cli.csproj", "{9AA48AFA-3F97-406E-B0AD-2B36B0195520}"
EndProject
Project("{2150E333-8FDC-42A3-9474-1A3956D46DE8}") = "General", "General", "{968CFB66-9075-4007-9C52-BF10EB10D33B}"
	ProjectSection(SolutionItems) = preProject
		clean.cmd = clean.cmd
		HISTORY.md = HISTORY.md
		README.md = README.md
		TODOs.md = TODOs.md
	EndProjectSection
EndProject
Project("{FAE04EC0-301F-11D3-BF4B-00C04F79EFBC}") = "Plexdata.FileChecksum.Gui", "Plexdata.FileChecksum.Gui\Plexdata.FileChecksum.Gui.csproj", "{A2275590-2412-42FB-A43A-C0EA745C87AC}"
EndProject
Project("{2150E333-8FDC-42A3-9474-1A3956D46DE8}") = "Externals", "Externals", "{784F33E5-697D-4D70-B3EC-9A28A5A23DFC}"
	ProjectSection(SolutionItems) = preProject
		Externals\Plexdata.Dialogs.Wpf.dll = Externals\Plexdata.Dialogs.Wpf.dll
		Externals\Plexdata.Dialogs.Wpf.pdb = Externals\Plexdata.Dialogs.Wpf.pdb
		Externals\Plexdata.Dialogs.Wpf.xml = Externals\Plexdata.Dialogs.Wpf.xml
	EndProjectSection
EndProject
Global
	GlobalSection(SolutionConfigurationPlatforms) = preSolution
		Debug|Any CPU = Debug|Any CPU
		Release|Any CPU = Release|Any CPU
	EndGlobalSection
	GlobalSection(ProjectConfigurationPlatforms) = postSolution
		{E0838D0E-3710-489A-8501-0F939AC62735}.Debug|Any CPU.ActiveCfg = Debug|Any CPU
		{E0838D0E-3710-489A-8501-0F939AC62735}.Debug|Any CPU.Build.0 = Debug|Any CPU
		{E0838D0E-3710-489A-8501-0F939AC62735}.Release|Any CPU.ActiveCfg = Release|Any CPU
		{E0838D0E-3710-489A-8501-0F939AC62735}.Release|Any CPU.Build.0 = Release|Any CPU
		{92B06FCA-ED88-49C0-B4BB-7A5EE13B0550}.Debug|Any CPU.ActiveCfg = Debug|Any CPU
		{92B06FCA-ED88-49C0-B4BB-7A5EE13B0550}.Debug|Any CPU.Build.0 = Debug|Any CPU
		{92B06FCA-ED88-49C0-B4BB-7A5EE13B0550}.Release|Any CPU.ActiveCfg = Release|Any CPU
		{92B06FCA-ED88-49C0-B4BB-7A5EE13B0550}.Release|Any CPU.Build.0 = Release|Any CPU
		{9AA48AFA-3F97-406E-B0AD-2B36B0195520}.Debug|Any CPU.ActiveCfg = Debug|Any CPU
		{9AA48AFA-3F97-406E-B0AD-2B36B0195520}.Debug|Any CPU.Build.0 = Debug|Any CPU
		{9AA48AFA-3F97-406E-B0AD-2B36B0195520}.Release|Any CPU.ActiveCfg = Release|Any CPU
		{9AA48AFA-3F97-406E-B0AD-2B36B0195520}.Release|Any CPU.Build.0 = Release|Any CPU
		{A2275590-2412-42FB-A43A-C0EA745C87AC}.Debug|Any CPU.ActiveCfg = Debug|Any CPU
		{A2275590-2412-42FB-A43A-C0EA745C87AC}.Debug|Any CPU.Build.0 = Debug|Any CPU
		{A2275590-2412-42FB-A43A-C0EA745C87AC}.Release|Any CPU.ActiveCfg = Release|Any CPU
		{A2275590-2412-42FB-A43A-C0EA745C87AC}.Release|Any CPU.Build.0 = Release|Any CPU
	EndGlobalSection
	GlobalSection(SolutionProperties) = preSolution
		HideSolutionNode = FALSE
	EndGlobalSection
	GlobalSection(ExtensibilityGlobals) = postSolution
		SolutionGuid = {FF5CEFBC-8270-4356-91CA-0F3BD598F240}
	EndGlobalSection
EndGlobal
